// !$*UTF8*$!
{
	archiveVersion = 1;
	classes = {
	};
	objectVersion = 77;
	objects = {

/* Begin PBXContainerItemProxy section */
		F75661E62F35EC2C00FF1236 /* PBXContainerItemProxy */ = {
			isa = PBXContainerItemProxy;
			containerPortal = F75661CD2F35EC2900FF1236 /* Project object */;
			proxyType = 1;
			remoteGlobalIDString = F75661D42F35EC2900FF1236;
			remoteInfo = "Report Template";
		};
		F75661F02F35EC2C00FF1236 /* PBXContainerItemProxy */ = {
			isa = PBXContainerItemProxy;
			containerPortal = F75661CD2F35EC2900FF1236 /* Project object */;
			proxyType = 1;
			remoteGlobalIDString = F75661D42F35EC2900FF1236;
			remoteInfo = "Report Template";
		};
/* End PBXContainerItemProxy section */

/* Begin PBXFileReference section */
		F75661D52F35EC2900FF1236 /* Report Template.app */ = {isa = PBXFileReference; explicitFileType = wrapper.application; includeInIndex = 0; path = "Report Template.app"; sourceTree = BUILT_PRODUCTS_DIR; };
		F75661E52F35EC2C00FF1236 /* Report TemplateTests.xctest */ = {isa = PBXFileReference; explicitFileType = wrapper.cfbundle; includeInIndex = 0; path = "Report TemplateTests.xctest"; sourceTree = BUILT_PRODUCTS_DIR; };
		F75661EF2F35EC2C00FF1236 /* Report TemplateUITests.xctest */ = {isa = PBXFileReference; explicitFileType = wrapper.cfbundle; includeInIndex = 0; path = "Report TemplateUITests.xctest"; sourceTree = BUILT_PRODUCTS_DIR; };
/* End PBXFileReference section */

/* Begin PBXFileSystemSynchronizedRootGroup section */
		F75661D72F35EC2900FF1236 /* Report Template */ = {
			isa = PBXFileSystemSynchronizedRootGroup;
			path = "Report Template";
			sourceTree = "<group>";
		};
		F75661E82F35EC2C00FF1236 /* Report TemplateTests */ = {
			isa = PBXFileSystemSynchronizedRootGroup;
			path = "Report TemplateTests";
			sourceTree = "<group>";
		};
		F75661F22F35EC2C00FF1236 /* Report TemplateUITests */ = {
			isa = PBXFileSystemSynchronizedRootGroup;
			path = "Report TemplateUITests";
			sourceTree = "<group>";
		};
/* End PBXFileSystemSynchronizedRootGroup section */

/* Begin PBXFrameworksBuildPhase section */
		F75661D22F35EC2900FF1236 /* Frameworks */ = {
			isa = PBXFrameworksBuildPhase;
			buildActionMask = 2147483647;
			files = (
			);
			runOnlyForDeploymentPostprocessing = 0;
		};
		F75661E22F35EC2C00FF1236 /* Frameworks */ = {
			isa = PBXFrameworksBuildPhase;
			buildActionMask = 2147483647;
			files = (
			);
			runOnlyForDeploymentPostprocessing = 0;
		};
		F75661EC2F35EC2C00FF1236 /* Frameworks */ = {
			isa = PBXFrameworksBuildPhase;
			buildActionMask = 2147483647;
			files = (
			);
			runOnlyForDeploymentPostprocessing = 0;
		};
/* End PBXFrameworksBuildPhase section */

/* Begin PBXGroup section */
		F75661CC2F35EC2900FF1236 = {
			isa = PBXGroup;
			children = (
				F75661D72F35EC2900FF1236 /* Report Template */,
				F75661E82F35EC2C00FF1236 /* Report TemplateTests */,
				F75661F22F35EC2C00FF1236 /* Report TemplateUITests */,
				F75661D62F35EC2900FF1236 /* Products */,
			);
			sourceTree = "<group>";
		};
		F75661D62F35EC2900FF1236 /* Products */ = {
			isa = PBXGroup;
			children = (
				F75661D52F35EC2900FF1236 /* Report Template.app */,
				F75661E52F35EC2C00FF1236 /* Report TemplateTests.xctest */,
				F75661EF2F35EC2C00FF1236 /* Report TemplateUITests.xctest */,
			);
			name = Products;
			sourceTree = "<group>";
		};
/* End PBXGroup section */

/* Begin PBXNativeTarget section */
		F75661D42F35EC2900FF1236 /* Report Template */ = {
			isa = PBXNativeTarget;
			buildConfigurationList = F75661F92F35EC2C00FF1236 /* Build configuration list for PBXNativeTarget "Report Template" */;
			buildPhases = (
				F75661D12F35EC2900FF1236 /* Sources */,
				F75661D22F35EC2900FF1236 /* Frameworks */,
				F75661D32F35EC2900FF1236 /* Resources */,
			);
			buildRules = (
			);
			dependencies = (
			);
			fileSystemSynchronizedGroups = (
				F75661D72F35EC2900FF1236 /* Report Template */,
			);
			name = "Report Template";
			packageProductDependencies = (
			);
			productName = "Report Template";
			productReference = F75661D52F35EC2900FF1236 /* Report Template.app */;
			productType = "com.apple.product-type.application";
		};
		F75661E42F35EC2C00FF1236 /* Report TemplateTests */ = {
			isa = PBXNativeTarget;
			buildConfigurationList = F75661FC2F35EC2C00FF1236 /* Build configuration list for PBXNativeTarget "Report TemplateTests" */;
			buildPhases = (
				F75661E12F35EC2C00FF1236 /* Sources */,
				F75661E22F35EC2C00FF1236 /* Frameworks */,
				F75661E32F35EC2C00FF1236 /* Resources */,
			);
			buildRules = (
			);
			dependencies = (
				F75661E72F35EC2C00FF1236 /* PBXTargetDependency */,
			);
			fileSystemSynchronizedGroups = (
				F75661E82F35EC2C00FF1236 /* Report TemplateTests */,
			);
			name = "Report TemplateTests";
			packageProductDependencies = (
			);
			productName = "Report TemplateTests";
			productReference = F75661E52F35EC2C00FF1236 /* Report TemplateTests.xctest */;
			productType = "com.apple.product-type.bundle.unit-test";
		};
		F75661EE2F35EC2C00FF1236 /* Report TemplateUITests */ = {
			isa = PBXNativeTarget;
			buildConfigurationList = F75661FF2F35EC2C00FF1236 /* Build configuration list for PBXNativeTarget "Report TemplateUITests" */;
			buildPhases = (
				F75661EB2F35EC2C00FF1236 /* Sources */,
				F75661EC2F35EC2C00FF1236 /* Frameworks */,
				F75661ED2F35EC2C00FF1236 /* Resources */,
			);
			buildRules = (
			);
			dependencies = (
				F75661F12F35EC2C00FF1236 /* PBXTargetDependency */,
			);
			fileSystemSynchronizedGroups = (
				F75661F22F35EC2C00FF1236 /* Report TemplateUITests */,
			);
			name = "Report TemplateUITests";
			packageProductDependencies = (
			);
			productName = "Report TemplateUITests";
			productReference = F75661EF2F35EC2C00FF1236 /* Report TemplateUITests.xctest */;
			productType = "com.apple.product-type.bundle.ui-testing";
		};
/* End PBXNativeTarget section */

/* Begin PBXProject section */
		F75661CD2F35EC2900FF1236 /* Project object */ = {
			isa = PBXProject;
			attributes = {
				BuildIndependentTargetsInParallel = 1;
				LastSwiftUpdateCheck = 1630;
				LastUpgradeCheck = 1630;
				TargetAttributes = {
					F75661D42F35EC2900FF1236 = {
						CreatedOnToolsVersion = 16.3;
					};
					F75661E42F35EC2C00FF1236 = {
						CreatedOnToolsVersion = 16.3;
						TestTargetID = F75661D42F35EC2900FF1236;
					};
					F75661EE2F35EC2C00FF1236 = {
						CreatedOnToolsVersion = 16.3;
						TestTargetID = F75661D42F35EC2900FF1236;
					};
				};
			};
			buildConfigurationList = F75661D02F35EC2900FF1236 /* Build configuration list for PBXProject "Report Template" */;
			developmentRegion = en;
			hasScannedForEncodings = 0;
			knownRegions = (
				en,
				Base,
			);
			mainGroup = F75661CC2F35EC2900FF1236;
			minimizedProjectReferenceProxies = 1;
			preferredProjectObjectVersion = 77;
			productRefGroup = F75661D62F35EC2900FF1236 /* Products */;
			projectDirPath = "";
			projectRoot = "";
			targets = (
				F75661D42F35EC2900FF1236 /* Report Template */,
				F75661E42F35EC2C00FF1236 /* Report TemplateTests */,
				F75661EE2F35EC2C00FF1236 /* Report TemplateUITests */,
			);
		};
/* End PBXProject section */

/* Begin PBXResourcesBuildPhase section */
		F75661D32F35EC2900FF1236 /* Resources */ = {
			isa = PBXResourcesBuildPhase;
			buildActionMask = 2147483647;
			files = (
			);
			runOnlyForDeploymentPostprocessing = 0;
		};
		F75661E32F35EC2C00FF1236 /* Resources */ = {
			isa = PBXResourcesBuildPhase;
			buildActionMask = 2147483647;
			files = (
			);
			runOnlyForDeploymentPostprocessing = 0;
		};
		F75661ED2F35EC2C00FF1236 /* Resources */ = {
			isa = PBXResourcesBuildPhase;
			buildActionMask = 2147483647;
			files = (
			);
			runOnlyForDeploymentPostprocessing = 0;
		};
/* End PBXResourcesBuildPhase section */

/* Begin PBXSourcesBuildPhase section */
		F75661D12F35EC2900FF1236 /* Sources */ = {
			isa = PBXSourcesBuildPhase;
			buildActionMask = 2147483647;
			files = (
			);
			runOnlyForDeploymentPostprocessing = 0;
		};
		F75661E12F35EC2C00FF1236 /* Sources */ = {
			isa = PBXSourcesBuildPhase;
			buildActionMask = 2147483647;
			files = (
			);
			runOnlyForDeploymentPostprocessing = 0;
		};
		F75661EB2F35EC2C00FF1236 /* Sources */ = {
			isa = PBXSourcesBuildPhase;
			buildActionMask = 2147483647;
			files = (
			);
			runOnlyForDeploymentPostprocessing = 0;
		};
/* End PBXSourcesBuildPhase section */

/* Begin PBXTargetDependency section */
		F75661E72F35EC2C00FF1236 /* PBXTargetDependency */ = {
			isa = PBXTargetDependency;
			target = F75661D42F35EC2900FF1236 /* Report Template */;
			targetProxy = F75661E62F35EC2C00FF1236 /* PBXContainerItemProxy */;
		};
		F75661F12F35EC2C00FF1236 /* PBXTargetDependency */ = {
			isa = PBXTargetDependency;
			target = F75661D42F35EC2900FF1236 /* Report Template */;
			targetProxy = F75661F02F35EC2C00FF1236 /* PBXContainerItemProxy */;
		};
/* End PBXTargetDependency section */

/* Begin XCBuildConfiguration section */
		F75661F72F35EC2C00FF1236 /* Debug */ = {
			isa = XCBuildConfiguration;
			buildSettings = {
				ALWAYS_SEARCH_USER_PATHS = NO;
				ASSETCATALOG_COMPILER_GENERATE_SWIFT_ASSET_SYMBOL_EXTENSIONS = YES;
				CLANG_ANALYZER_NONNULL = YES;
				CLANG_ANALYZER_NUMBER_OBJECT_CONVERSION = YES_AGGRESSIVE;
				CLANG_CXX_LANGUAGE_STANDARD = "gnu++20";
				CLANG_ENABLE_MODULES = YES;
				CLANG_ENABLE_OBJC_ARC = YES;
				CLANG_ENABLE_OBJC_WEAK = YES;
				CLANG_WARN_BLOCK_CAPTURE_AUTORELEASING = YES;
				CLANG_WARN_BOOL_CONVERSION = YES;
				CLANG_WARN_COMMA = YES;
				CLANG_WARN_CONSTANT_CONVERSION = YES;
				CLANG_WARN_DEPRECATED_OBJC_IMPLEMENTATIONS = YES;
				CLANG_WARN_DIRECT_OBJC_ISA_USAGE = YES_ERROR;
				CLANG_WARN_DOCUMENTATION_COMMENTS = YES;
				CLANG_WARN_EMPTY_BODY = YES;
				CLANG_WARN_ENUM_CONVERSION = YES;
				CLANG_WARN_INFINITE_RECURSION = YES;
				CLANG_WARN_INT_CONVERSION = YES;
				CLANG_WARN_NON_LITERAL_NULL_CONVERSION = YES;
				CLANG_WARN_OBJC_IMPLICIT_RETAIN_SELF = YES;
				CLANG_WARN_OBJC_LITERAL_CONVERSION = YES;
				CLANG_WARN_OBJC_ROOT_CLASS = YES_ERROR;
				CLANG_WARN_QUOTED_INCLUDE_IN_FRAMEWORK_HEADER = YES;
				CLANG_WARN_RANGE_LOOP_ANALYSIS = YES;
				CLANG_WARN_STRICT_PROTOTYPES = YES;
				CLANG_WARN_SUSPICIOUS_MOVE = YES;
				CLANG_WARN_UNGUARDED_AVAILABILITY = YES_AGGRESSIVE;
				CLANG_WARN_UNREACHABLE_CODE = YES;
				CLANG_WARN__DUPLICATE_METHOD_MATCH = YES;
				COPY_PHASE_STRIP = NO;
				DEBUG_INFORMATION_FORMAT = dwarf;
				ENABLE_STRICT_OBJC_MSGSEND = YES;
				ENABLE_TESTABILITY = YES;
				ENABLE_USER_SCRIPT_SANDBOXING = YES;
				GCC_C_LANGUAGE_STANDARD = gnu17;
				GCC_DYNAMIC_NO_PIC = NO;
				GCC_NO_COMMON_BLOCKS = YES;
				GCC_OPTIMIZATION_LEVEL = 0;
				GCC_PREPROCESSOR_DEFINITIONS = (
					"DEBUG=1",
					"$(inherited)",
				);
				GCC_WARN_64_TO_32_BIT_CONVERSION = YES;
				GCC_WARN_ABOUT_RETURN_TYPE = YES_ERROR;
				GCC_WARN_UNDECLARED_SELECTOR = YES;
				GCC_WARN_UNINITIALIZED_AUTOS = YES_AGGRESSIVE;
				GCC_WARN_UNUSED_FUNCTION = YES;
				GCC_WARN_UNUSED_VARIABLE = YES;
				LOCALIZATION_PREFERS_STRING_CATALOGS = YES;
				MACOSX_DEPLOYMENT_TARGET = 15.2;
				MTL_ENABLE_DEBUG_INFO = INCLUDE_SOURCE;
				MTL_FAST_MATH = YES;
				ONLY_ACTIVE_ARCH = YES;
				SDKROOT = macosx;
				SWIFT_ACTIVE_COMPILATION_CONDITIONS = "DEBUG $(inherited)";
				SWIFT_OPTIMIZATION_LEVEL = "-Onone";
			};
			name = Debug;
		};
		F75661F82F35EC2C00FF1236 /* Release */ = {
			isa = XCBuildConfiguration;
			buildSettings = {
				ALWAYS_SEARCH_USER_PATHS = NO;
				ASSETCATALOG_COMPILER_GENERATE_SWIFT_ASSET_SYMBOL_EXTENSIONS = YES;
				CLANG_ANALYZER_NONNULL = YES;
				CLANG_ANALYZER_NUMBER_OBJECT_CONVERSION = YES_AGGRESSIVE;
				CLANG_CXX_LANGUAGE_STANDARD = "gnu++20";
				CLANG_ENABLE_MODULES = YES;
				CLANG_ENABLE_OBJC_ARC = YES;
				CLANG_ENABLE_OBJC_WEAK = YES;
				CLANG_WARN_BLOCK_CAPTURE_AUTORELEASING = YES;
				CLANG_WARN_BOOL_CONVERSION = YES;
				CLANG_WARN_COMMA = YES;
				CLANG_WARN_CONSTANT_CONVERSION = YES;
				CLANG_WARN_DEPRECATED_OBJC_IMPLEMENTATIONS = YES;
				CLANG_WARN_DIRECT_OBJC_ISA_USAGE = YES_ERROR;
				CLANG_WARN_DOCUMENTATION_COMMENTS = YES;
				CLANG_WARN_EMPTY_BODY = YES;
				CLANG_WARN_ENUM_CONVERSION = YES;
				CLANG_WARN_INFINITE_RECURSION = YES;
				CLANG_WARN_INT_CONVERSION = YES;
				CLANG_WARN_NON_LITERAL_NULL_CONVERSION = YES;
				CLANG_WARN_OBJC_IMPLICIT_RETAIN_SELF = YES;
				CLANG_WARN_OBJC_LITERAL_CONVERSION = YES;
				CLANG_WARN_OBJC_ROOT_CLASS = YES_ERROR;
				CLANG_WARN_QUOTED_INCLUDE_IN_FRAMEWORK_HEADER = YES;
				CLANG_WARN_RANGE_LOOP_ANALYSIS = YES;
				CLANG_WARN_STRICT_PROTOTYPES = YES;
				CLANG_WARN_SUSPICIOUS_MOVE = YES;
				CLANG_WARN_UNGUARDED_AVAILABILITY = YES_AGGRESSIVE;
				CLANG_WARN_UNREACHABLE_CODE = YES;
				CLANG_WARN__DUPLICATE_METHOD_MATCH = YES;
				COPY_PHASE_STRIP = NO;
				DEBUG_INFORMATION_FORMAT = "dwarf-with-dsym";
				ENABLE_NS_ASSERTIONS = NO;
				ENABLE_STRICT_OBJC_MSGSEND = YES;
				ENABLE_USER_SCRIPT_SANDBOXING = YES;
				GCC_C_LANGUAGE_STANDARD = gnu17;
				GCC_NO_COMMON_BLOCKS = YES;
				GCC_WARN_64_TO_32_BIT_CONVERSION = YES;
				GCC_WARN_ABOUT_RETURN_TYPE = YES_ERROR;
				GCC_WARN_UNDECLARED_SELECTOR = YES;
				GCC_WARN_UNINITIALIZED_AUTOS = YES_AGGRESSIVE;
				GCC_WARN_UNUSED_FUNCTION = YES;
				GCC_WARN_UNUSED_VARIABLE = YES;
				LOCALIZATION_PREFERS_STRING_CATALOGS = YES;
				MACOSX_DEPLOYMENT_TARGET = 15.2;
				MTL_ENABLE_DEBUG_INFO = NO;
				MTL_FAST_MATH = YES;
				SDKROOT = macosx;
				SWIFT_COMPILATION_MODE = wholemodule;
			};
			name = Release;
		};
		F75661FA2F35EC2C00FF1236 /* Debug */ = {
			isa = XCBuildConfiguration;
			buildSettings = {
				ASSETCATALOG_COMPILER_APPICON_NAME = AppIcon;
				ASSETCATALOG_COMPILER_GLOBAL_ACCENT_COLOR_NAME = AccentColor;
				ASSETCATALOG_COMPILER_INCLUDE_ALL_APPICON_ASSETS = NO;
				CODE_SIGN_ENTITLEMENTS = "Report Template/Report_Template.entitlements";
				CODE_SIGN_STYLE = Automatic;
				COMBINE_HIDPI_IMAGES = YES;
				CURRENT_PROJECT_VERSION = 3;
				ENABLE_PREVIEWS = YES;
				GENERATE_INFOPLIST_FILE = YES;
				INFOPLIST_KEY_CFBundleDisplayName = "PMG report";
				INFOPLIST_KEY_LSApplicationCategoryType = "public.app-category.productivity";
				INFOPLIST_KEY_NSHumanReadableCopyright = "";
				LD_RUNPATH_SEARCH_PATHS = (
					"$(inherited)",
					"@executable_path/../Frameworks",
				);
				MACOSX_DEPLOYMENT_TARGET = 14.0;
				MARKETING_VERSION = 1.1.1;
				PRODUCT_BUNDLE_IDENTIFIER = "KarlApp.Report-Template";
				PRODUCT_NAME = "$(TARGET_NAME)";
				REGISTER_APP_GROUPS = YES;
				SWIFT_EMIT_LOC_STRINGS = YES;
				SWIFT_VERSION = 5.0;
			};
			name = Debug;
		};
		F75661FB2F35EC2C00FF1236 /* Release */ = {
			isa = XCBuildConfiguration;
			buildSettings = {
				ASSETCATALOG_COMPILER_APPICON_NAME = AppIcon;
				ASSETCATALOG_COMPILER_GLOBAL_ACCENT_COLOR_NAME = AccentColor;
				ASSETCATALOG_COMPILER_INCLUDE_ALL_APPICON_ASSETS = NO;
				CODE_SIGN_ENTITLEMENTS = "Report Template/Report_Template.entitlements";
				CODE_SIGN_STYLE = Automatic;
				COMBINE_HIDPI_IMAGES = YES;
				CURRENT_PROJECT_VERSION = 3;
				ENABLE_PREVIEWS = YES;
				GENERATE_INFOPLIST_FILE = YES;
				INFOPLIST_KEY_CFBundleDisplayName = "PMG report";
				INFOPLIST_KEY_LSApplicationCategoryType = "public.app-category.productivity";
				INFOPLIST_KEY_NSHumanReadableCopyright = "";
				LD_RUNPATH_SEARCH_PATHS = (
					"$(inherited)",
					"@executable_path/../Frameworks",
				);
				MACOSX_DEPLOYMENT_TARGET = 14.0;
				MARKETING_VERSION = 1.1.1;
				PRODUCT_BUNDLE_IDENTIFIER = "KarlApp.Report-Template";
				PRODUCT_NAME = "$(TARGET_NAME)";
				REGISTER_APP_GROUPS = YES;
				SWIFT_EMIT_LOC_STRINGS = YES;
				SWIFT_VERSION = 5.0;
			};
			name = Release;
		};
		F75661FD2F35EC2C00FF1236 /* Debug */ = {
			isa = XCBuildConfiguration;
			buildSettings = {
				BUNDLE_LOADER = "$(TEST_HOST)";
				CODE_SIGN_STYLE = Automatic;
				CURRENT_PROJECT_VERSION = 3;
				GENERATE_INFOPLIST_FILE = YES;
				MACOSX_DEPLOYMENT_TARGET = 14.0;
				MARKETING_VERSION = 1.1.1;
				PRODUCT_BUNDLE_IDENTIFIER = "KarlApp.Report-TemplateTests";
				PRODUCT_NAME = "$(TARGET_NAME)";
				SWIFT_EMIT_LOC_STRINGS = NO;
				SWIFT_VERSION = 5.0;
				TEST_HOST = "$(BUILT_PRODUCTS_DIR)/Report Template.app/$(BUNDLE_EXECUTABLE_FOLDER_PATH)/Report Template";
			};
			name = Debug;
		};
		F75661FE2F35EC2C00FF1236 /* Release */ = {
			isa = XCBuildConfiguration;
			buildSettings = {
				BUNDLE_LOADER = "$(TEST_HOST)";
				CODE_SIGN_STYLE = Automatic;
				CURRENT_PROJECT_VERSION = 3;
				GENERATE_INFOPLIST_FILE = YES;
				MACOSX_DEPLOYMENT_TARGET = 14.0;
				MARKETING_VERSION = 1.1.1;
				PRODUCT_BUNDLE_IDENTIFIER = "KarlApp.Report-TemplateTests";
				PRODUCT_NAME = "$(TARGET_NAME)";
				SWIFT_EMIT_LOC_STRINGS = NO;
				SWIFT_VERSION = 5.0;
				TEST_HOST = "$(BUILT_PRODUCTS_DIR)/Report Template.app/$(BUNDLE_EXECUTABLE_FOLDER_PATH)/Report Template";
			};
			name = Release;
		};
		F75662002F35EC2C00FF1236 /* Debug */ = {
			isa = XCBuildConfiguration;
			buildSettings = {
				CODE_SIGN_STYLE = Automatic;
				CURRENT_PROJECT_VERSION = 3;
				GENERATE_INFOPLIST_FILE = YES;
				MARKETING_VERSION = 1.1.1;
				PRODUCT_BUNDLE_IDENTIFIER = "KarlApp.Report-TemplateUITests";
				PRODUCT_NAME = "$(TARGET_NAME)";
				SWIFT_EMIT_LOC_STRINGS = NO;
				SWIFT_VERSION = 5.0;
				TEST_TARGET_NAME = "Report Template";
			};
			name = Debug;
		};
		F75662012F35EC2C00FF1236 /* Release */ = {
			isa = XCBuildConfiguration;
			buildSettings = {
				CODE_SIGN_STYLE = Automatic;
				CURRENT_PROJECT_VERSION = 3;
				GENERATE_INFOPLIST_FILE = YES;
				MARKETING_VERSION = 1.1.1;
				PRODUCT_BUNDLE_IDENTIFIER = "KarlApp.Report-TemplateUITests";
				PRODUCT_NAME = "$(TARGET_NAME)";
				SWIFT_EMIT_LOC_STRINGS = NO;
				SWIFT_VERSION = 5.0;
				TEST_TARGET_NAME = "Report Template";
			};
			name = Release;
		};
/* End XCBuildConfiguration section */

/* Begin XCConfigurationList section */
		F75661D02F35EC2900FF1236 /* Build configuration list for PBXProject "Report Template" */ = {
			isa = XCConfigurationList;
			buildConfigurations = (
				F75661F72F35EC2C00FF1236 /* Debug */,
				F75661F82F35EC2C00FF1236 /* Release */,
			);
			defaultConfigurationIsVisible = 0;
			defaultConfigurationName = Release;
		};
		F75661F92F35EC2C00FF1236 /* Build configuration list for PBXNativeTarget "Report Template" */ = {
			isa = XCConfigurationList;
			buildConfigurations = (
				F75661FA2F35EC2C00FF1236 /* Debug */,
				F75661FB2F35EC2C00FF1236 /* Release */,
			);
			defaultConfigurationIsVisible = 0;
			defaultConfigurationName = Release;
		};
		F75661FC2F35EC2C00FF1236 /* Build configuration list for PBXNativeTarget "Report TemplateTests" */ = {
			isa = XCConfigurationList;
			buildConfigurations = (
				F75661FD2F35EC2C00FF1236 /* Debug */,
				F75661FE2F35EC2C00FF1236 /* Release */,
			);
			defaultConfigurationIsVisible = 0;
			defaultConfigurationName = Release;
		};
		F75661FF2F35EC2C00FF1236 /* Build configuration list for PBXNativeTarget "Report TemplateUITests" */ = {
			isa = XCConfigurationList;
			buildConfigurations = (
				F75662002F35EC2C00FF1236 /* Debug */,
				F75662012F35EC2C00FF1236 /* Release */,
			);
			defaultConfigurationIsVisible = 0;
			defaultConfigurationName = Release;
		};
/* End XCConfigurationList section */
	};
	rootObject = F75661CD2F35EC2900FF1236 /* Project object */;
}
